// !$*UTF8*$!
{
	archiveVersion = 1;
	classes = {
	};
	objectVersion = 56;
	objects = {

/* Begin PBXBuildFile section */
		A10000010000000000000001 /* HedayaApp.swift in Sources */ = {isa = PBXBuildFile; fileRef = A10000020000000000000001 /* HedayaApp.swift */; };
		A10000010000000000000002 /* ContentView.swift in Sources */ = {isa = PBXBuildFile; fileRef = A10000020000000000000002 /* ContentView.swift */; };
		A10000010000000000000003 /* Assets.xcassets in Resources */ = {isa = PBXBuildFile; fileRef = A10000020000000000000003 /* Assets.xcassets */; };
		A10000010000000000000004 /* AzkarData.swift in Sources */ = {isa = PBXBuildFile; fileRef = A10000020000000000000004 /* AzkarData.swift */; };
		A10000010000000000000005 /* AzkarGroupView.swift in Sources */ = {isa = PBXBuildFile; fileRef = A10000020000000000000005 /* AzkarGroupView.swift */; };
		A10000010000000000000006 /* ZikrCounterView.swift in Sources */ = {isa = PBXBuildFile; fileRef = A10000020000000000000006 /* ZikrCounterView.swift */; };
		A10000010000000000000007 /* Models.swift in Sources */ = {isa = PBXBuildFile; fileRef = A10000020000000000000007 /* Models.swift */; };
		A10000010000000000000008 /* GeneralSebhaView.swift in Sources */ = {isa = PBXBuildFile; fileRef = A10000020000000000000008 /* GeneralSebhaView.swift */; };
		A10000010000000000000009 /* Data in Resources */ = {isa = PBXBuildFile; fileRef = A10000020000000000000009 /* Data */; };
		A10000010000000000000010 /* DataLoader.swift in Sources */ = {isa = PBXBuildFile; fileRef = A10000020000000000000010 /* DataLoader.swift */; };
		A10000010000000000000011 /* SharedAzkarLoader.swift in Sources */ = {isa = PBXBuildFile; fileRef = A10000020000000000000011 /* SharedAzkarLoader.swift */; };
		A10000010000000000000012 /* WorshipPathModels.swift in Sources */ = {isa = PBXBuildFile; fileRef = A10000020000000000000012 /* WorshipPathModels.swift */; };
		A10000010000000000000013 /* WorshipPathStore.swift in Sources */ = {isa = PBXBuildFile; fileRef = A10000020000000000000013 /* WorshipPathStore.swift */; };
		A10000010000000000000014 /* WorshipPathOnboardingView.swift in Sources */ = {isa = PBXBuildFile; fileRef = A10000020000000000000014 /* WorshipPathOnboardingView.swift */; };
		A10000010000000000000015 /* MyWorshipPathView.swift in Sources */ = {isa = PBXBuildFile; fileRef = A10000020000000000000015 /* MyWorshipPathView.swift */; };
		A10000010000000000000016 /* PrayerTrackingModels.swift in Sources */ = {isa = PBXBuildFile; fileRef = A10000020000000000000016 /* PrayerTrackingModels.swift */; };
		A10000010000000000000017 /* PrayerLocationManager.swift in Sources */ = {isa = PBXBuildFile; fileRef = A10000020000000000000017 /* PrayerLocationManager.swift */; };
		A10000010000000000000018 /* PrayerTrackingStore.swift in Sources */ = {isa = PBXBuildFile; fileRef = A10000020000000000000018 /* PrayerTrackingStore.swift */; };
		A10000010000000000000019 /* PrayerTrackingView.swift in Sources */ = {isa = PBXBuildFile; fileRef = A10000020000000000000019 /* PrayerTrackingView.swift */; };
		A10000010000000000000020 /* Adhan in Frameworks */ = {isa = PBXBuildFile; productRef = A10000A20000000000000001 /* Adhan */; };
		A10000010000000000000021 /* PrayerTreeMapping.swift in Sources */ = {isa = PBXBuildFile; fileRef = A10000020000000000000020 /* PrayerTreeMapping.swift */; };
		A10000010000000000000022 /* PrayerTree.svg in Resources */ = {isa = PBXBuildFile; fileRef = A10000020000000000000021 /* PrayerTree.svg */; };
		A10000010000000000000024 /* PrayerTreeScene.swift in Sources */ = {isa = PBXBuildFile; fileRef = A10000020000000000000022 /* PrayerTreeScene.swift */; };
		A10000010000000000000025 /* TreeArt.svg in Resources */ = {isa = PBXBuildFile; fileRef = A10000020000000000000023 /* TreeArt.svg */; };
		A10000010000000000000026 /* SVGView in Frameworks */ = {isa = PBXBuildFile; productRef = A10000A40000000000000001 /* SVGView */; };
		A10000010000000000000027 /* DebugLog.swift in Sources */ = {isa = PBXBuildFile; fileRef = A10000020000000000000027 /* DebugLog.swift */; };
		A10000010000000000000028 /* azan.wav in Resources */ = {isa = PBXBuildFile; fileRef = A10000020000000000000028 /* azan.wav */; };
		A10000010000000000000029 /* AzanNotificationManager.swift in Sources */ = {isa = PBXBuildFile; fileRef = A10000020000000000000029 /* AzanNotificationManager.swift */; };
		A10000010000000000000030 /* QuranModels.swift in Sources */ = {isa = PBXBuildFile; fileRef = A10000020000000000000030 /* QuranModels.swift */; };
		A10000010000000000000031 /* QuranDataLoader.swift in Sources */ = {isa = PBXBuildFile; fileRef = A10000020000000000000031 /* QuranDataLoader.swift */; };
		A10000010000000000000032 /* QuranView.swift in Sources */ = {isa = PBXBuildFile; fileRef = A10000020000000000000032 /* QuranView.swift */; };
		A10000010000000000000033 /* AmiriQuran.ttf in Resources */ = {isa = PBXBuildFile; fileRef = A10000020000000000000033 /* AmiriQuran.ttf */; };
/* End PBXBuildFile section */

/* Begin PBXFileReference section */
		A10000020000000000000001 /* HedayaApp.swift */ = {isa = PBXFileReference; lastKnownFileType = sourcecode.swift; path = HedayaApp.swift; sourceTree = "<group>"; };
		A10000020000000000000002 /* ContentView.swift */ = {isa = PBXFileReference; lastKnownFileType = sourcecode.swift; path = ContentView.swift; sourceTree = "<group>"; };
		A10000020000000000000003 /* Assets.xcassets */ = {isa = PBXFileReference; lastKnownFileType = folder.assetcatalog; path = Assets.xcassets; sourceTree = "<group>"; };
		A10000020000000000000004 /* AzkarData.swift */ = {isa = PBXFileReference; lastKnownFileType = sourcecode.swift; path = AzkarData.swift; sourceTree = "<group>"; };
		A10000020000000000000005 /* AzkarGroupView.swift */ = {isa = PBXFileReference; lastKnownFileType = sourcecode.swift; path = AzkarGroupView.swift; sourceTree = "<group>"; };
		A10000020000000000000006 /* ZikrCounterView.swift */ = {isa = PBXFileReference; lastKnownFileType = sourcecode.swift; path = ZikrCounterView.swift; sourceTree = "<group>"; };
		A10000020000000000000007 /* Models.swift */ = {isa = PBXFileReference; lastKnownFileType = sourcecode.swift; path = Models.swift; sourceTree = "<group>"; };
		A10000020000000000000008 /* GeneralSebhaView.swift */ = {isa = PBXFileReference; lastKnownFileType = sourcecode.swift; path = GeneralSebhaView.swift; sourceTree = "<group>"; };
		A10000020000000000000009 /* Data */ = {isa = PBXFileReference; lastKnownFileType = folder; path = Data; sourceTree = "<group>"; };
		A10000020000000000000010 /* DataLoader.swift */ = {isa = PBXFileReference; lastKnownFileType = sourcecode.swift; path = DataLoader.swift; sourceTree = "<group>"; };
		A10000020000000000000011 /* SharedAzkarLoader.swift */ = {isa = PBXFileReference; lastKnownFileType = sourcecode.swift; path = SharedAzkarLoader.swift; sourceTree = "<group>"; };
		A10000020000000000000012 /* WorshipPathModels.swift */ = {isa = PBXFileReference; lastKnownFileType = sourcecode.swift; path = WorshipPathModels.swift; sourceTree = "<group>"; };
		A10000020000000000000013 /* WorshipPathStore.swift */ = {isa = PBXFileReference; lastKnownFileType = sourcecode.swift; path = WorshipPathStore.swift; sourceTree = "<group>"; };
		A10000020000000000000014 /* WorshipPathOnboardingView.swift */ = {isa = PBXFileReference; lastKnownFileType = sourcecode.swift; path = WorshipPathOnboardingView.swift; sourceTree = "<group>"; };
		A10000020000000000000015 /* MyWorshipPathView.swift */ = {isa = PBXFileReference; lastKnownFileType = sourcecode.swift; path = MyWorshipPathView.swift; sourceTree = "<group>"; };
		A10000020000000000000016 /* PrayerTrackingModels.swift */ = {isa = PBXFileReference; lastKnownFileType = sourcecode.swift; path = PrayerTrackingModels.swift; sourceTree = "<group>"; };
		A10000020000000000000017 /* PrayerLocationManager.swift */ = {isa = PBXFileReference; lastKnownFileType = sourcecode.swift; path = PrayerLocationManager.swift; sourceTree = "<group>"; };
		A10000020000000000000018 /* PrayerTrackingStore.swift */ = {isa = PBXFileReference; lastKnownFileType = sourcecode.swift; path = PrayerTrackingStore.swift; sourceTree = "<group>"; };
		A10000020000000000000019 /* PrayerTrackingView.swift */ = {isa = PBXFileReference; lastKnownFileType = sourcecode.swift; path = PrayerTrackingView.swift; sourceTree = "<group>"; };
		A10000020000000000000020 /* PrayerTreeMapping.swift */ = {isa = PBXFileReference; lastKnownFileType = sourcecode.swift; path = PrayerTreeMapping.swift; sourceTree = "<group>"; };
		A10000020000000000000021 /* PrayerTree.svg */ = {isa = PBXFileReference; lastKnownFileType = text.xml; path = PrayerTree.svg; sourceTree = "<group>"; };
		A10000020000000000000022 /* PrayerTreeScene.swift */ = {isa = PBXFileReference; lastKnownFileType = sourcecode.swift; path = PrayerTreeScene.swift; sourceTree = "<group>"; };
		A10000020000000000000023 /* TreeArt.svg */ = {isa = PBXFileReference; lastKnownFileType = text.xml; path = TreeArt.svg; sourceTree = "<group>"; };
		A10000020000000000000027 /* DebugLog.swift */ = {isa = PBXFileReference; lastKnownFileType = sourcecode.swift; path = DebugLog.swift; sourceTree = "<group>"; };
		A10000020000000000000028 /* azan.wav */ = {isa = PBXFileReference; lastKnownFileType = audio.wav; path = azan.wav; sourceTree = "<group>"; };
		A10000020000000000000029 /* AzanNotificationManager.swift */ = {isa = PBXFileReference; lastKnownFileType = sourcecode.swift; path = AzanNotificationManager.swift; sourceTree = "<group>"; };
		A10000020000000000000030 /* QuranModels.swift */ = {isa = PBXFileReference; lastKnownFileType = sourcecode.swift; path = QuranModels.swift; sourceTree = "<group>"; };
		A10000020000000000000031 /* QuranDataLoader.swift */ = {isa = PBXFileReference; lastKnownFileType = sourcecode.swift; path = QuranDataLoader.swift; sourceTree = "<group>"; };
		A10000020000000000000032 /* QuranView.swift */ = {isa = PBXFileReference; lastKnownFileType = sourcecode.swift; path = QuranView.swift; sourceTree = "<group>"; };
		A10000020000000000000033 /* AmiriQuran.ttf */ = {isa = PBXFileReference; lastKnownFileType = file; path = AmiriQuran.ttf; sourceTree = "<group>"; };
		A10000030000000000000001 /* Hedaya.app */ = {isa = PBXFileReference; explicitFileType = wrapper.application; includeInIndex = 0; path = Hedaya.app; sourceTree = BUILT_PRODUCTS_DIR; };
/* End PBXFileReference section */

/* Begin PBXFrameworksBuildPhase section */
		A10000040000000000000001 /* Frameworks */ = {
			isa = PBXFrameworksBuildPhase;
			buildActionMask = 2147483647;
			files = (
				A10000010000000000000020 /* Adhan in Frameworks */,
				A10000010000000000000026 /* SVGView in Frameworks */,
			);
			runOnlyForDeploymentPostprocessing = 0;
		};
/* End PBXFrameworksBuildPhase section */

/* Begin PBXGroup section */
		A10000050000000000000001 = {
			isa = PBXGroup;
			children = (
				A10000050000000000000002 /* Hedaya */,
				A10000050000000000000003 /* Products */,
			);
			sourceTree = "<group>";
		};
		A10000050000000000000002 /* Hedaya */ = {
			isa = PBXGroup;
			children = (
				A10000020000000000000001 /* HedayaApp.swift */,
				A10000020000000000000027 /* DebugLog.swift */,
				A10000020000000000000002 /* ContentView.swift */,
				A10000020000000000000007 /* Models.swift */,
				A10000020000000000000004 /* AzkarData.swift */,
				A10000020000000000000010 /* DataLoader.swift */,
				A10000020000000000000011 /* SharedAzkarLoader.swift */,
				A10000020000000000000005 /* AzkarGroupView.swift */,
				A10000020000000000000008 /* GeneralSebhaView.swift */,
				A10000020000000000000006 /* ZikrCounterView.swift */,
				A10000020000000000000012 /* WorshipPathModels.swift */,
				A10000020000000000000013 /* WorshipPathStore.swift */,
				A10000020000000000000014 /* WorshipPathOnboardingView.swift */,
				A10000020000000000000015 /* MyWorshipPathView.swift */,
				A10000020000000000000016 /* PrayerTrackingModels.swift */,
				A10000020000000000000017 /* PrayerLocationManager.swift */,
				A10000020000000000000018 /* PrayerTrackingStore.swift */,
				A10000020000000000000029 /* AzanNotificationManager.swift */,
				A10000020000000000000030 /* QuranModels.swift */,
				A10000020000000000000031 /* QuranDataLoader.swift */,
				A10000020000000000000032 /* QuranView.swift */,
				A10000020000000000000033 /* AmiriQuran.ttf */,
				A10000020000000000000019 /* PrayerTrackingView.swift */,
				A10000020000000000000020 /* PrayerTreeMapping.swift */,
				A10000020000000000000021 /* PrayerTree.svg */,
				A10000020000000000000022 /* PrayerTreeScene.swift */,
				A10000020000000000000023 /* TreeArt.svg */,
				A10000020000000000000028 /* azan.wav */,
				A10000020000000000000009 /* Data */,
				A10000020000000000000003 /* Assets.xcassets */,
			);
			path = Hedaya;
			sourceTree = "<group>";
		};
		A10000050000000000000003 /* Products */ = {
			isa = PBXGroup;
			children = (
				A10000030000000000000001 /* Hedaya.app */,
			);
			name = Products;
			sourceTree = "<group>";
		};
/* End PBXGroup section */

/* Begin PBXNativeTarget section */
		A10000060000000000000001 /* Hedaya */ = {
			isa = PBXNativeTarget;
			buildConfigurationList = A10000080000000000000001 /* Build configuration list for PBXNativeTarget "Hedaya" */;
			buildPhases = (
				A10000070000000000000001 /* Sources */,
				A10000040000000000000001 /* Frameworks */,
				A10000070000000000000002 /* Resources */,
			);
			buildRules = (
			);
			dependencies = (
			);
			name = Hedaya;
			packageProductDependencies = (
				A10000A20000000000000001 /* Adhan */,
				A10000A40000000000000001 /* SVGView */,
			);
			productName = Hedaya;
			productReference = A10000030000000000000001 /* Hedaya.app */;
			productType = "com.apple.product-type.application";
		};
/* End PBXNativeTarget section */

/* Begin PBXProject section */
		A10000090000000000000001 /* Project object */ = {
			isa = PBXProject;
			attributes = {
				BuildIndependentTargetsInParallel = 1;
				LastSwiftUpdateCheck = 1500;
				LastUpgradeCheck = 2620;
				TargetAttributes = {
					A10000060000000000000001 = {
						CreatedOnToolsVersion = 15.0;
					};
				};
			};
			buildConfigurationList = A10000080000000000000002 /* Build configuration list for PBXProject "Hedaya" */;
			compatibilityVersion = "Xcode 14.0";
			developmentRegion = ar;
			hasScannedForEncodings = 0;
			knownRegions = (
				ar,
				Base,
			);
			mainGroup = A10000050000000000000001;
			packageReferences = (
				A10000A10000000000000001 /* XCRemoteSwiftPackageReference "adhan-swift" */,
				A10000A30000000000000001 /* XCRemoteSwiftPackageReference "SVGView" */,
			);
			productRefGroup = A10000050000000000000003 /* Products */;
			projectDirPath = "";
			projectRoot = "";
			targets = (
				A10000060000000000000001 /* Hedaya */,
			);
		};
/* End PBXProject section */

/* Begin PBXResourcesBuildPhase section */
		A10000070000000000000002 /* Resources */ = {
			isa = PBXResourcesBuildPhase;
			buildActionMask = 2147483647;
			files = (
				A10000010000000000000003 /* Assets.xcassets in Resources */,
				A10000010000000000000009 /* Data in Resources */,
				A10000010000000000000022 /* PrayerTree.svg in Resources */,
				A10000010000000000000025 /* TreeArt.svg in Resources */,
				A10000010000000000000028 /* azan.wav in Resources */,
				A10000010000000000000033 /* AmiriQuran.ttf in Resources */,
			);
			runOnlyForDeploymentPostprocessing = 0;
		};
/* End PBXResourcesBuildPhase section */

/* Begin PBXSourcesBuildPhase section */
		A10000070000000000000001 /* Sources */ = {
			isa = PBXSourcesBuildPhase;
			buildActionMask = 2147483647;
			files = (
				A10000010000000000000001 /* HedayaApp.swift in Sources */,
				A10000010000000000000002 /* ContentView.swift in Sources */,
				A10000010000000000000004 /* AzkarData.swift in Sources */,
				A10000010000000000000010 /* DataLoader.swift in Sources */,
				A10000010000000000000005 /* AzkarGroupView.swift in Sources */,
				A10000010000000000000008 /* GeneralSebhaView.swift in Sources */,
				A10000010000000000000006 /* ZikrCounterView.swift in Sources */,
				A10000010000000000000007 /* Models.swift in Sources */,
				A10000010000000000000011 /* SharedAzkarLoader.swift in Sources */,
				A10000010000000000000012 /* WorshipPathModels.swift in Sources */,
				A10000010000000000000013 /* WorshipPathStore.swift in Sources */,
				A10000010000000000000014 /* WorshipPathOnboardingView.swift in Sources */,
				A10000010000000000000027 /* DebugLog.swift in Sources */,
				A10000010000000000000015 /* MyWorshipPathView.swift in Sources */,
				A10000010000000000000016 /* PrayerTrackingModels.swift in Sources */,
				A10000010000000000000017 /* PrayerLocationManager.swift in Sources */,
				A10000010000000000000018 /* PrayerTrackingStore.swift in Sources */,
				A10000010000000000000019 /* PrayerTrackingView.swift in Sources */,
				A10000010000000000000021 /* PrayerTreeMapping.swift in Sources */,
				A10000010000000000000024 /* PrayerTreeScene.swift in Sources */,
				A10000010000000000000029 /* AzanNotificationManager.swift in Sources */,
				A10000010000000000000030 /* QuranModels.swift in Sources */,
				A10000010000000000000031 /* QuranDataLoader.swift in Sources */,
				A10000010000000000000032 /* QuranView.swift in Sources */,
			);
			runOnlyForDeploymentPostprocessing = 0;
		};
/* End PBXSourcesBuildPhase section */

/* Begin XCBuildConfiguration section */
		A100000A0000000000000001 /* Debug */ = {
			isa = XCBuildConfiguration;
			buildSettings = {
				ALWAYS_SEARCH_USER_PATHS = NO;
				ASSETCATALOG_COMPILER_GENERATE_SWIFT_ASSET_SYMBOL_EXTENSIONS = YES;
				CLANG_ANALYZER_NONNULL = YES;
				CLANG_ANALYZER_NUMBER_OBJECT_CONVERSION = YES_AGGRESSIVE;
				CLANG_CXX_LANGUAGE_STANDARD = "gnu++20";
				CLANG_ENABLE_MODULES = YES;
				CLANG_ENABLE_OBJC_ARC = YES;
				CLANG_ENABLE_OBJC_WEAK = YES;
				CLANG_WARN_BLOCK_CAPTURE_AUTORELEASING = YES;
				CLANG_WARN_BOOL_CONVERSION = YES;
				CLANG_WARN_COMMA = YES;
				CLANG_WARN_CONSTANT_CONVERSION = YES;
				CLANG_WARN_DEPRECATED_OBJC_IMPLEMENTATIONS = YES;
				CLANG_WARN_DIRECT_OBJC_ISA_USAGE = YES_ERROR;
				CLANG_WARN_DOCUMENTATION_COMMENTS = YES;
				CLANG_WARN_EMPTY_BODY = YES;
				CLANG_WARN_ENUM_CONVERSION = YES;
				CLANG_WARN_INFINITE_RECURSION = YES;
				CLANG_WARN_INT_CONVERSION = YES;
				CLANG_WARN_NON_LITERAL_NULL_CONVERSION = YES;
				CLANG_WARN_OBJC_IMPLICIT_RETAIN_SELF = YES;
				CLANG_WARN_OBJC_LITERAL_CONVERSION = YES;
				CLANG_WARN_OBJC_ROOT_CLASS = YES_ERROR;
				CLANG_WARN_QUOTED_INCLUDE_IN_FRAMEWORK_HEADER = YES;
				CLANG_WARN_RANGE_LOOP_ANALYSIS = YES;
				CLANG_WARN_STRICT_PROTOTYPES = YES;
				CLANG_WARN_SUSPICIOUS_MOVE = YES;
				CLANG_WARN_UNGUARDED_AVAILABILITY = YES_AGGRESSIVE;
				CLANG_WARN_UNREACHABLE_CODE = YES;
				CLANG_WARN__DUPLICATE_METHOD_MATCH = YES;
				COPY_PHASE_STRIP = NO;
				DEBUG_INFORMATION_FORMAT = dwarf;
				ENABLE_STRICT_OBJC_MSGSEND = YES;
				ENABLE_TESTABILITY = YES;
				ENABLE_USER_SCRIPT_SANDBOXING = YES;
				GCC_C_LANGUAGE_STANDARD = gnu17;
				GCC_DYNAMIC_NO_PIC = NO;
				GCC_NO_COMMON_BLOCKS = YES;
				GCC_OPTIMIZATION_LEVEL = 0;
				GCC_PREPROCESSOR_DEFINITIONS = (
					"DEBUG=1",
					"$(inherited)",
				);
				GCC_WARN_64_TO_32_BIT_CONVERSION = YES;
				GCC_WARN_ABOUT_RETURN_TYPE = YES_ERROR;
				GCC_WARN_UNDECLARED_SELECTOR = YES;
				GCC_WARN_UNINITIALIZED_AUTOS = YES_AGGRESSIVE;
				GCC_WARN_UNUSED_FUNCTION = YES;
				GCC_WARN_UNUSED_VARIABLE = YES;
				IPHONEOS_DEPLOYMENT_TARGET = 17.0;
				LOCALIZATION_PREFERS_STRING_CATALOGS = YES;
				MTL_ENABLE_DEBUG_INFO = INCLUDE_SOURCE;
				MTL_FAST_MATH = YES;
				ONLY_ACTIVE_ARCH = YES;
				SDKROOT = iphoneos;
				STRING_CATALOG_GENERATE_SYMBOLS = YES;
				SWIFT_ACTIVE_COMPILATION_CONDITIONS = "DEBUG $(inherited)";
				SWIFT_OPTIMIZATION_LEVEL = "-Onone";
			};
			name = Debug;
		};
		A100000A0000000000000002 /* Release */ = {
			isa = XCBuildConfiguration;
			buildSettings = {
				ALWAYS_SEARCH_USER_PATHS = NO;
				ASSETCATALOG_COMPILER_GENERATE_SWIFT_ASSET_SYMBOL_EXTENSIONS = YES;
				CLANG_ANALYZER_NONNULL = YES;
				CLANG_ANALYZER_NUMBER_OBJECT_CONVERSION = YES_AGGRESSIVE;
				CLANG_CXX_LANGUAGE_STANDARD = "gnu++20";
				CLANG_ENABLE_MODULES = YES;
				CLANG_ENABLE_OBJC_ARC = YES;
				CLANG_ENABLE_OBJC_WEAK = YES;
				CLANG_WARN_BLOCK_CAPTURE_AUTORELEASING = YES;
				CLANG_WARN_BOOL_CONVERSION = YES;
				CLANG_WARN_COMMA = YES;
				CLANG_WARN_CONSTANT_CONVERSION = YES;
				CLANG_WARN_DEPRECATED_OBJC_IMPLEMENTATIONS = YES;
				CLANG_WARN_DIRECT_OBJC_ISA_USAGE = YES_ERROR;
				CLANG_WARN_DOCUMENTATION_COMMENTS = YES;
				CLANG_WARN_EMPTY_BODY = YES;
				CLANG_WARN_ENUM_CONVERSION = YES;
				CLANG_WARN_INFINITE_RECURSION = YES;
				CLANG_WARN_INT_CONVERSION = YES;
				CLANG_WARN_NON_LITERAL_NULL_CONVERSION = YES;
				CLANG_WARN_OBJC_IMPLICIT_RETAIN_SELF = YES;
				CLANG_WARN_OBJC_LITERAL_CONVERSION = YES;
				CLANG_WARN_OBJC_ROOT_CLASS = YES_ERROR;
				CLANG_WARN_QUOTED_INCLUDE_IN_FRAMEWORK_HEADER = YES;
				CLANG_WARN_RANGE_LOOP_ANALYSIS = YES;
				CLANG_WARN_STRICT_PROTOTYPES = YES;
				CLANG_WARN_SUSPICIOUS_MOVE = YES;
				CLANG_WARN_UNGUARDED_AVAILABILITY = YES_AGGRESSIVE;
				CLANG_WARN_UNREACHABLE_CODE = YES;
				CLANG_WARN__DUPLICATE_METHOD_MATCH = YES;
				COPY_PHASE_STRIP = NO;
				DEBUG_INFORMATION_FORMAT = "dwarf-with-dsym";
				ENABLE_NS_ASSERTIONS = NO;
				ENABLE_STRICT_OBJC_MSGSEND = YES;
				ENABLE_USER_SCRIPT_SANDBOXING = YES;
				GCC_C_LANGUAGE_STANDARD = gnu17;
				GCC_NO_COMMON_BLOCKS = YES;
				GCC_WARN_64_TO_32_BIT_CONVERSION = YES;
				GCC_WARN_ABOUT_RETURN_TYPE = YES_ERROR;
				GCC_WARN_UNDECLARED_SELECTOR = YES;
				GCC_WARN_UNINITIALIZED_AUTOS = YES_AGGRESSIVE;
				GCC_WARN_UNUSED_FUNCTION = YES;
				GCC_WARN_UNUSED_VARIABLE = YES;
				IPHONEOS_DEPLOYMENT_TARGET = 17.0;
				LOCALIZATION_PREFERS_STRING_CATALOGS = YES;
				MTL_ENABLE_DEBUG_INFO = NO;
				MTL_FAST_MATH = YES;
				SDKROOT = iphoneos;
				STRING_CATALOG_GENERATE_SYMBOLS = YES;
				SWIFT_COMPILATION_MODE = wholemodule;
				VALIDATE_PRODUCT = YES;
			};
			name = Release;
		};
		A100000A0000000000000003 /* Debug */ = {
			isa = XCBuildConfiguration;
			buildSettings = {
				ASSETCATALOG_COMPILER_APPICON_NAME = AppIcon;
				ASSETCATALOG_COMPILER_GLOBAL_ACCENT_COLOR_NAME = AccentColor;
				CODE_SIGN_STYLE = Automatic;
				CURRENT_PROJECT_VERSION = 1;
				DEVELOPMENT_TEAM = NWGCRFAZQS;
				ENABLE_PREVIEWS = YES;
				GENERATE_INFOPLIST_FILE = YES;
				INFOPLIST_KEY_CFBundleDisplayName = "هداية";
				INFOPLIST_KEY_NSLocationWhenInUseUsageDescription = "لحساب أوقات الصلاة حسب موقعك";
				INFOPLIST_KEY_UIApplicationSceneManifest_Generation = YES;
				INFOPLIST_KEY_UIApplicationSupportsIndirectInputEvents = YES;
				INFOPLIST_KEY_UILaunchScreen_Generation = YES;
				INFOPLIST_KEY_UISupportedInterfaceOrientations_iPad = "UIInterfaceOrientationPortrait UIInterfaceOrientationPortraitUpsideDown UIInterfaceOrientationLandscapeLeft UIInterfaceOrientationLandscapeRight";
				INFOPLIST_KEY_UISupportedInterfaceOrientations_iPhone = UIInterfaceOrientationPortrait;
				IPHONEOS_DEPLOYMENT_TARGET = 16.6;
				LD_RUNPATH_SEARCH_PATHS = (
					"$(inherited)",
					"@executable_path/Frameworks",
				);
				MARKETING_VERSION = 1.6;
				PRODUCT_BUNDLE_IDENTIFIER = com.hedaya.app;
				PRODUCT_NAME = "$(TARGET_NAME)";
				SWIFT_EMIT_LOC_STRINGS = YES;
				SWIFT_VERSION = 5.0;
				TARGETED_DEVICE_FAMILY = 1;
			};
			name = Debug;
		};
		A100000A0000000000000004 /* Release */ = {
			isa = XCBuildConfiguration;
			buildSettings = {
				ASSETCATALOG_COMPILER_APPICON_NAME = AppIcon;
				ASSETCATALOG_COMPILER_GLOBAL_ACCENT_COLOR_NAME = AccentColor;
				CODE_SIGN_STYLE = Automatic;
				CURRENT_PROJECT_VERSION = 1;
				DEVELOPMENT_TEAM = NWGCRFAZQS;
				ENABLE_PREVIEWS = YES;
				GENERATE_INFOPLIST_FILE = YES;
				INFOPLIST_KEY_CFBundleDisplayName = "هداية";
				INFOPLIST_KEY_NSLocationWhenInUseUsageDescription = "لحساب أوقات الصلاة حسب موقعك";
				INFOPLIST_KEY_UIApplicationSceneManifest_Generation = YES;
				INFOPLIST_KEY_UIApplicationSupportsIndirectInputEvents = YES;
				INFOPLIST_KEY_UILaunchScreen_Generation = YES;
				INFOPLIST_KEY_UISupportedInterfaceOrientations_iPad = "UIInterfaceOrientationPortrait UIInterfaceOrientationPortraitUpsideDown UIInterfaceOrientationLandscapeLeft UIInterfaceOrientationLandscapeRight";
				INFOPLIST_KEY_UISupportedInterfaceOrientations_iPhone = UIInterfaceOrientationPortrait;
				IPHONEOS_DEPLOYMENT_TARGET = 16.6;
				LD_RUNPATH_SEARCH_PATHS = (
					"$(inherited)",
					"@executable_path/Frameworks",
				);
				MARKETING_VERSION = 1.6;
				PRODUCT_BUNDLE_IDENTIFIER = com.hedaya.app;
				PRODUCT_NAME = "$(TARGET_NAME)";
				SWIFT_EMIT_LOC_STRINGS = YES;
				SWIFT_VERSION = 5.0;
				TARGETED_DEVICE_FAMILY = 1;
			};
			name = Release;
		};
/* End XCBuildConfiguration section */

/* Begin XCConfigurationList section */
		A10000080000000000000001 /* Build configuration list for PBXNativeTarget "Hedaya" */ = {
			isa = XCConfigurationList;
			buildConfigurations = (
				A100000A0000000000000003 /* Debug */,
				A100000A0000000000000004 /* Release */,
			);
			defaultConfigurationIsVisible = 0;
			defaultConfigurationName = Release;
		};
		A10000080000000000000002 /* Build configuration list for PBXProject "Hedaya" */ = {
			isa = XCConfigurationList;
			buildConfigurations = (
				A100000A0000000000000001 /* Debug */,
				A100000A0000000000000002 /* Release */,
			);
			defaultConfigurationIsVisible = 0;
			defaultConfigurationName = Release;
		};
/* End XCConfigurationList section */

/* Begin XCRemoteSwiftPackageReference section */
		A10000A10000000000000001 /* XCRemoteSwiftPackageReference "adhan-swift" */ = {
			isa = XCRemoteSwiftPackageReference;
			repositoryURL = "https://github.com/batoulapps/adhan-swift";
			requirement = {
				kind = upToNextMajorVersion;
				minimumVersion = 1.4.0;
			};
		};
		A10000A30000000000000001 /* XCRemoteSwiftPackageReference "SVGView" */ = {
			isa = XCRemoteSwiftPackageReference;
			repositoryURL = "https://github.com/exyte/SVGView";
			requirement = {
				kind = upToNextMajorVersion;
				minimumVersion = 1.0.0;
			};
		};
/* End XCRemoteSwiftPackageReference section */

/* Begin XCSwiftPackageProductDependency section */
		A10000A20000000000000001 /* Adhan */ = {
			isa = XCSwiftPackageProductDependency;
			package = A10000A10000000000000001 /* XCRemoteSwiftPackageReference "adhan-swift" */;
			productName = Adhan;
		};
		A10000A40000000000000001 /* SVGView */ = {
			isa = XCSwiftPackageProductDependency;
			package = A10000A30000000000000001 /* XCRemoteSwiftPackageReference "SVGView" */;
			productName = SVGView;
		};
/* End XCSwiftPackageProductDependency section */
	};
	rootObject = A10000090000000000000001 /* Project object */;
}
